
Microsoft Visual Studio Solution File, Format Version 12.00
# Visual Studio Version 17
VisualStudioVersion = 17.13.36105.23 d17.13
MinimumVisualStudioVersion = 10.0.40219.1
Project("{FAE04EC0-301F-11D3-BF4B-00C04F79EFBC}") = "Project 2025 Programming 282", "Project 2025 Programming 282\Project 2025 Programming 282.csproj", "{DB90D464-16BD-4E3E-B224-E47B2313BCFF}"
EndProject
Global
	GlobalSection(SolutionConfigurationPlatforms) = preSolution
		Debug|Any CPU = Debug|Any CPU
		Release|Any CPU = Release|Any CPU
	EndGlobalSection
	GlobalSection(ProjectConfigurationPlatforms) = postSolution
		{DB90D464-16BD-4E3E-B224-E47B2313BCFF}.Debug|Any CPU.ActiveCfg = Debug|Any CPU
		{DB90D464-16BD-4E3E-B224-E47B2313BCFF}.Debug|Any CPU.Build.0 = Debug|Any CPU
		{DB90D464-16BD-4E3E-B224-E47B2313BCFF}.Release|Any CPU.ActiveCfg = Release|Any CPU
		{DB90D464-16BD-4E3E-B224-E47B2313BCFF}.Release|Any CPU.Build.0 = Release|Any CPU
	EndGlobalSection
	GlobalSection(SolutionProperties) = preSolution
		HideSolutionNode = FALSE
	EndGlobalSection
	GlobalSection(ExtensibilityGlobals) = postSolution
		SolutionGuid = {77F04A55-7538-41D7-9AFF-7030DC0E00D1}
	EndGlobalSection
EndGlobal
